
Microsoft Visual Studio Solution File, Format Version 12.00
# Visual Studio Version 16
VisualStudioVersion = 16.0.30114.105
MinimumVisualStudioVersion = 10.0.40219.1
Project("{2150E333-8FDC-42A3-9474-1A3956D46DE8}") = "src", "src", "{B830DB3D-DB93-4898-AF82-A1E839BADD30}"
EndProject
Project("{FAE04EC0-301F-11D3-BF4B-00C04F79EFBC}") = "Erp.ApiGateway", "src\Erp.ApiGateway\Erp.ApiGateway.csproj", "{59ACFB65-5014-48A4-AAD4-336AC9EF0BD1}"
EndProject
Project("{2150E333-8FDC-42A3-9474-1A3956D46DE8}") = "Shared", "Shared", "{52E3048F-4CB5-4E13-944C-C03BE20C7EA1}"
EndProject
Project("{FAE04EC0-301F-11D3-BF4B-00C04F79EFBC}") = "Erp.Data", "src\Shared\Erp.Data\Erp.Data.csproj", "{EB1AB177-172A-4BBF-8B4B-81A0EB028082}"
EndProject
Project("{FAE04EC0-301F-11D3-BF4B-00C04F79EFBC}") = "Erp.Business", "src\Shared\Erp.Business\Erp.Business.csproj", "{0AF9532F-1CA5-48FD-8515-F491AAD0FFB4}"
EndProject
Global
	GlobalSection(SolutionConfigurationPlatforms) = preSolution
		Debug|Any CPU = Debug|Any CPU
		Release|Any CPU = Release|Any CPU
	EndGlobalSection
	GlobalSection(SolutionProperties) = preSolution
		HideSolutionNode = FALSE
	EndGlobalSection
	GlobalSection(ProjectConfigurationPlatforms) = postSolution
		{59ACFB65-5014-48A4-AAD4-336AC9EF0BD1}.Debug|Any CPU.ActiveCfg = Debug|Any CPU
		{59ACFB65-5014-48A4-AAD4-336AC9EF0BD1}.Debug|Any CPU.Build.0 = Debug|Any CPU
		{59ACFB65-5014-48A4-AAD4-336AC9EF0BD1}.Release|Any CPU.ActiveCfg = Release|Any CPU
		{59ACFB65-5014-48A4-AAD4-336AC9EF0BD1}.Release|Any CPU.Build.0 = Release|Any CPU
		{EB1AB177-172A-4BBF-8B4B-81A0EB028082}.Debug|Any CPU.ActiveCfg = Debug|Any CPU
		{EB1AB177-172A-4BBF-8B4B-81A0EB028082}.Debug|Any CPU.Build.0 = Debug|Any CPU
		{EB1AB177-172A-4BBF-8B4B-81A0EB028082}.Release|Any CPU.ActiveCfg = Release|Any CPU
		{EB1AB177-172A-4BBF-8B4B-81A0EB028082}.Release|Any CPU.Build.0 = Release|Any CPU
		{0AF9532F-1CA5-48FD-8515-F491AAD0FFB4}.Debug|Any CPU.ActiveCfg = Debug|Any CPU
		{0AF9532F-1CA5-48FD-8515-F491AAD0FFB4}.Debug|Any CPU.Build.0 = Debug|Any CPU
		{0AF9532F-1CA5-48FD-8515-F491AAD0FFB4}.Release|Any CPU.ActiveCfg = Release|Any CPU
		{0AF9532F-1CA5-48FD-8515-F491AAD0FFB4}.Release|Any CPU.Build.0 = Release|Any CPU
	EndGlobalSection
	GlobalSection(NestedProjects) = preSolution
		{59ACFB65-5014-48A4-AAD4-336AC9EF0BD1} = {B830DB3D-DB93-4898-AF82-A1E839BADD30}
		{52E3048F-4CB5-4E13-944C-C03BE20C7EA1} = {B830DB3D-DB93-4898-AF82-A1E839BADD30}
		{EB1AB177-172A-4BBF-8B4B-81A0EB028082} = {52E3048F-4CB5-4E13-944C-C03BE20C7EA1}
		{0AF9532F-1CA5-48FD-8515-F491AAD0FFB4} = {52E3048F-4CB5-4E13-944C-C03BE20C7EA1}
	EndGlobalSection
EndGlobal
